
Microsoft Visual Studio Solution File, Format Version 12.00
# Visual Studio Version 17
VisualStudioVersion = 17.14.36109.1
MinimumVisualStudioVersion = 10.0.40219.1
Project("{8BC9CEB8-8B4A-11D0-8D11-00A0C91BC942}") = "CoTigraphy", "CoTigraphy\CoTigraphy.vcxproj", "{73C6F89A-91EE-4599-9EA6-5121E14176E2}"
	ProjectSection(ProjectDependencies) = postProject
		{43201E48-7AF3-4CD7-93D2-62706B16081E} = {43201E48-7AF3-4CD7-93D2-62706B16081E}
	EndProjectSection
EndProject
Project("{8BC9CEB8-8B4A-11D0-8D11-00A0C91BC942}") = "CoTigraphyLib", "CoTigraphyLib\CoTigraphyLib.vcxproj", "{43201E48-7AF3-4CD7-93D2-62706B16081E}"
	ProjectSection(ProjectDependencies) = postProject
		{77F61357-7425-4EAB-B64F-EB53E802A236} = {77F61357-7425-4EAB-B64F-EB53E802A236}
		{9CDDF20A-2F33-3257-B893-B349DDC16F30} = {9CDDF20A-2F33-3257-B893-B349DDC16F30}
	EndProjectSection
EndProject
Project("{2150E333-8FDC-42A3-9474-1A3956D46DE8}") = "scripts", "scripts", "{02EA681E-C7D8-13C7-8484-4AC65E1B71E8}"
	ProjectSection(SolutionItems) = preProject
		scripts\BuildInfo.bat = scripts\BuildInfo.bat
	EndProjectSection
EndProject
Project("{2150E333-8FDC-42A3-9474-1A3956D46DE8}") = "environments", "environments", "{B80F2C07-EEB2-487B-AAB9-571D60C47D45}"
	ProjectSection(SolutionItems) = preProject
		.editorconfig = .editorconfig
		.gitattributes = .gitattributes
		.gitignore = .gitignore
		build.bat = build.bat
		CoTigraphy.props = CoTigraphy.props
	EndProjectSection
EndProject
Project("{2150E333-8FDC-42A3-9474-1A3956D46DE8}") = "commons", "commons", "{E4C01B0A-F960-48B1-82A0-98EA5837CA29}"
	ProjectSection(SolutionItems) = preProject
		Common\Assert.hpp = Common\Assert.hpp
		Common\LinkLibraries.hpp = Common\LinkLibraries.hpp
		Common\pch-common.hpp = Common\pch-common.hpp
	EndProjectSection
EndProject
Project("{8BC9CEB8-8B4A-11D0-8D11-00A0C91BC942}") = "CoTigraphyUnitTest", "CoTigraphyUnitTest\CoTigraphyUnitTest.vcxproj", "{0A37DDF7-1B06-4F16-A1BE-6824ADE556B0}"
	ProjectSection(ProjectDependencies) = postProject
		{43201E48-7AF3-4CD7-93D2-62706B16081E} = {43201E48-7AF3-4CD7-93D2-62706B16081E}
		{6AA95988-BCF0-4C31-A55E-22AE3D1AB019} = {6AA95988-BCF0-4C31-A55E-22AE3D1AB019}
		{FBF02AD5-0288-4AB5-8525-F79E3F87F8E5} = {FBF02AD5-0288-4AB5-8525-F79E3F87F8E5}
	EndProjectSection
EndProject
Project("{2150E333-8FDC-42A3-9474-1A3956D46DE8}") = "third_parties", "third_parties", "{A7092942-D270-45BF-8911-0A5575E2434B}"
EndProject
Project("{8BC9CEB8-8B4A-11D0-8D11-00A0C91BC942}") = "googlemock", "ThirdParty\googletest-1.17.0\googlemock\googlemock.vcxproj", "{FBF02AD5-0288-4AB5-8525-F79E3F87F8E5}"
EndProject
Project("{8BC9CEB8-8B4A-11D0-8D11-00A0C91BC942}") = "googletest", "ThirdParty\googletest-1.17.0\googletest\googletest.vcxproj", "{6AA95988-BCF0-4C31-A55E-22AE3D1AB019}"
EndProject
Project("{2150E333-8FDC-42A3-9474-1A3956D46DE8}") = "docs", "docs", "{0DF2D962-986A-45A1-B48F-2ED949B4C686}"
	ProjectSection(SolutionItems) = preProject
		docs\API Contract Design Guidelines.md = docs\API Contract Design Guidelines.md
		docs\Method Documentation Standards.md = docs\Method Documentation Standards.md
	EndProjectSection
EndProject
Project("{8BC9CEB8-8B4A-11D0-8D11-00A0C91BC942}") = "curl", "ThirdParty\curl-8.14.1\curl.vcxproj", "{77F61357-7425-4EAB-B64F-EB53E802A236}"
EndProject
Project("{8BC9CEB8-8B4A-11D0-8D11-00A0C91BC942}") = "simdjson", "ThirdParty\simdjson-3.13.0\simdjson.vcxproj", "{9CDDF20A-2F33-3257-B893-B349DDC16F30}"
EndProject
Global
	GlobalSection(SolutionConfigurationPlatforms) = preSolution
		Debug|ARM64 = Debug|ARM64
		Debug|x64 = Debug|x64
		Debug|x86 = Debug|x86
		Release|ARM64 = Release|ARM64
		Release|x64 = Release|x64
		Release|x86 = Release|x86
	EndGlobalSection
	GlobalSection(ProjectConfigurationPlatforms) = postSolution
		{73C6F89A-91EE-4599-9EA6-5121E14176E2}.Debug|ARM64.ActiveCfg = Debug|ARM64
		{73C6F89A-91EE-4599-9EA6-5121E14176E2}.Debug|ARM64.Build.0 = Debug|ARM64
		{73C6F89A-91EE-4599-9EA6-5121E14176E2}.Debug|x64.ActiveCfg = Debug|x64
		{73C6F89A-91EE-4599-9EA6-5121E14176E2}.Debug|x64.Build.0 = Debug|x64
		{73C6F89A-91EE-4599-9EA6-5121E14176E2}.Debug|x86.ActiveCfg = Debug|Win32
		{73C6F89A-91EE-4599-9EA6-5121E14176E2}.Debug|x86.Build.0 = Debug|Win32
		{73C6F89A-91EE-4599-9EA6-5121E14176E2}.Release|ARM64.ActiveCfg = Release|ARM64
		{73C6F89A-91EE-4599-9EA6-5121E14176E2}.Release|ARM64.Build.0 = Release|ARM64
		{73C6F89A-91EE-4599-9EA6-5121E14176E2}.Release|x64.ActiveCfg = Release|x64
		{73C6F89A-91EE-4599-9EA6-5121E14176E2}.Release|x64.Build.0 = Release|x64
		{73C6F89A-91EE-4599-9EA6-5121E14176E2}.Release|x86.ActiveCfg = Release|Win32
		{73C6F89A-91EE-4599-9EA6-5121E14176E2}.Release|x86.Build.0 = Release|Win32
		{43201E48-7AF3-4CD7-93D2-62706B16081E}.Debug|ARM64.ActiveCfg = Debug|ARM64
		{43201E48-7AF3-4CD7-93D2-62706B16081E}.Debug|ARM64.Build.0 = Debug|ARM64
		{43201E48-7AF3-4CD7-93D2-62706B16081E}.Debug|x64.ActiveCfg = Debug|x64
		{43201E48-7AF3-4CD7-93D2-62706B16081E}.Debug|x64.Build.0 = Debug|x64
		{43201E48-7AF3-4CD7-93D2-62706B16081E}.Debug|x86.ActiveCfg = Debug|Win32
		{43201E48-7AF3-4CD7-93D2-62706B16081E}.Debug|x86.Build.0 = Debug|Win32
		{43201E48-7AF3-4CD7-93D2-62706B16081E}.Release|ARM64.ActiveCfg = Release|ARM64
		{43201E48-7AF3-4CD7-93D2-62706B16081E}.Release|ARM64.Build.0 = Release|ARM64
		{43201E48-7AF3-4CD7-93D2-62706B16081E}.Release|x64.ActiveCfg = Release|x64
		{43201E48-7AF3-4CD7-93D2-62706B16081E}.Release|x64.Build.0 = Release|x64
		{43201E48-7AF3-4CD7-93D2-62706B16081E}.Release|x86.ActiveCfg = Release|Win32
		{43201E48-7AF3-4CD7-93D2-62706B16081E}.Release|x86.Build.0 = Release|Win32
		{0A37DDF7-1B06-4F16-A1BE-6824ADE556B0}.Debug|ARM64.ActiveCfg = Debug|ARM64
		{0A37DDF7-1B06-4F16-A1BE-6824ADE556B0}.Debug|ARM64.Build.0 = Debug|ARM64
		{0A37DDF7-1B06-4F16-A1BE-6824ADE556B0}.Debug|x64.ActiveCfg = Debug|x64
		{0A37DDF7-1B06-4F16-A1BE-6824ADE556B0}.Debug|x64.Build.0 = Debug|x64
		{0A37DDF7-1B06-4F16-A1BE-6824ADE556B0}.Debug|x86.ActiveCfg = Debug|Win32
		{0A37DDF7-1B06-4F16-A1BE-6824ADE556B0}.Debug|x86.Build.0 = Debug|Win32
		{0A37DDF7-1B06-4F16-A1BE-6824ADE556B0}.Release|ARM64.ActiveCfg = Release|ARM64
		{0A37DDF7-1B06-4F16-A1BE-6824ADE556B0}.Release|ARM64.Build.0 = Release|ARM64
		{0A37DDF7-1B06-4F16-A1BE-6824ADE556B0}.Release|x64.ActiveCfg = Release|x64
		{0A37DDF7-1B06-4F16-A1BE-6824ADE556B0}.Release|x64.Build.0 = Release|x64
		{0A37DDF7-1B06-4F16-A1BE-6824ADE556B0}.Release|x86.ActiveCfg = Release|Win32
		{0A37DDF7-1B06-4F16-A1BE-6824ADE556B0}.Release|x86.Build.0 = Release|Win32
		{FBF02AD5-0288-4AB5-8525-F79E3F87F8E5}.Debug|ARM64.ActiveCfg = Debug|ARM64
		{FBF02AD5-0288-4AB5-8525-F79E3F87F8E5}.Debug|ARM64.Build.0 = Debug|ARM64
		{FBF02AD5-0288-4AB5-8525-F79E3F87F8E5}.Debug|x64.ActiveCfg = Debug|x64
		{FBF02AD5-0288-4AB5-8525-F79E3F87F8E5}.Debug|x64.Build.0 = Debug|x64
		{FBF02AD5-0288-4AB5-8525-F79E3F87F8E5}.Debug|x86.ActiveCfg = Debug|Win32
		{FBF02AD5-0288-4AB5-8525-F79E3F87F8E5}.Debug|x86.Build.0 = Debug|Win32
		{FBF02AD5-0288-4AB5-8525-F79E3F87F8E5}.Release|ARM64.ActiveCfg = Release|ARM64
		{FBF02AD5-0288-4AB5-8525-F79E3F87F8E5}.Release|ARM64.Build.0 = Release|ARM64
		{FBF02AD5-0288-4AB5-8525-F79E3F87F8E5}.Release|x64.ActiveCfg = Release|x64
		{FBF02AD5-0288-4AB5-8525-F79E3F87F8E5}.Release|x64.Build.0 = Release|x64
		{FBF02AD5-0288-4AB5-8525-F79E3F87F8E5}.Release|x86.ActiveCfg = Release|Win32
		{FBF02AD5-0288-4AB5-8525-F79E3F87F8E5}.Release|x86.Build.0 = Release|Win32
		{6AA95988-BCF0-4C31-A55E-22AE3D1AB019}.Debug|ARM64.ActiveCfg = Debug|ARM64
		{6AA95988-BCF0-4C31-A55E-22AE3D1AB019}.Debug|ARM64.Build.0 = Debug|ARM64
		{6AA95988-BCF0-4C31-A55E-22AE3D1AB019}.Debug|x64.ActiveCfg = Debug|x64
		{6AA95988-BCF0-4C31-A55E-22AE3D1AB019}.Debug|x64.Build.0 = Debug|x64
		{6AA95988-BCF0-4C31-A55E-22AE3D1AB019}.Debug|x86.ActiveCfg = Debug|Win32
		{6AA95988-BCF0-4C31-A55E-22AE3D1AB019}.Debug|x86.Build.0 = Debug|Win32
		{6AA95988-BCF0-4C31-A55E-22AE3D1AB019}.Release|ARM64.ActiveCfg = Release|ARM64
		{6AA95988-BCF0-4C31-A55E-22AE3D1AB019}.Release|ARM64.Build.0 = Release|ARM64
		{6AA95988-BCF0-4C31-A55E-22AE3D1AB019}.Release|x64.ActiveCfg = Release|x64
		{6AA95988-BCF0-4C31-A55E-22AE3D1AB019}.Release|x64.Build.0 = Release|x64
		{6AA95988-BCF0-4C31-A55E-22AE3D1AB019}.Release|x86.ActiveCfg = Release|Win32
		{6AA95988-BCF0-4C31-A55E-22AE3D1AB019}.Release|x86.Build.0 = Release|Win32
		{77F61357-7425-4EAB-B64F-EB53E802A236}.Debug|ARM64.ActiveCfg = Debug|ARM64
		{77F61357-7425-4EAB-B64F-EB53E802A236}.Debug|ARM64.Build.0 = Debug|ARM64
		{77F61357-7425-4EAB-B64F-EB53E802A236}.Debug|x64.ActiveCfg = Debug|x64
		{77F61357-7425-4EAB-B64F-EB53E802A236}.Debug|x64.Build.0 = Debug|x64
		{77F61357-7425-4EAB-B64F-EB53E802A236}.Debug|x86.ActiveCfg = Debug|Win32
		{77F61357-7425-4EAB-B64F-EB53E802A236}.Debug|x86.Build.0 = Debug|Win32
		{77F61357-7425-4EAB-B64F-EB53E802A236}.Release|ARM64.ActiveCfg = Release|ARM64
		{77F61357-7425-4EAB-B64F-EB53E802A236}.Release|ARM64.Build.0 = Release|ARM64
		{77F61357-7425-4EAB-B64F-EB53E802A236}.Release|x64.ActiveCfg = Release|x64
		{77F61357-7425-4EAB-B64F-EB53E802A236}.Release|x64.Build.0 = Release|x64
		{77F61357-7425-4EAB-B64F-EB53E802A236}.Release|x86.ActiveCfg = Release|Win32
		{77F61357-7425-4EAB-B64F-EB53E802A236}.Release|x86.Build.0 = Release|Win32
		{9CDDF20A-2F33-3257-B893-B349DDC16F30}.Debug|ARM64.ActiveCfg = Debug|ARM64
		{9CDDF20A-2F33-3257-B893-B349DDC16F30}.Debug|ARM64.Build.0 = Debug|ARM64
		{9CDDF20A-2F33-3257-B893-B349DDC16F30}.Debug|x64.ActiveCfg = Debug|x64
		{9CDDF20A-2F33-3257-B893-B349DDC16F30}.Debug|x64.Build.0 = Debug|x64
		{9CDDF20A-2F33-3257-B893-B349DDC16F30}.Debug|x86.ActiveCfg = Debug|Win32
		{9CDDF20A-2F33-3257-B893-B349DDC16F30}.Debug|x86.Build.0 = Debug|Win32
		{9CDDF20A-2F33-3257-B893-B349DDC16F30}.Release|ARM64.ActiveCfg = Release|ARM64
		{9CDDF20A-2F33-3257-B893-B349DDC16F30}.Release|ARM64.Build.0 = Release|ARM64
		{9CDDF20A-2F33-3257-B893-B349DDC16F30}.Release|x64.ActiveCfg = Release|x64
		{9CDDF20A-2F33-3257-B893-B349DDC16F30}.Release|x64.Build.0 = Release|x64
		{9CDDF20A-2F33-3257-B893-B349DDC16F30}.Release|x86.ActiveCfg = Release|Win32
		{9CDDF20A-2F33-3257-B893-B349DDC16F30}.Release|x86.Build.0 = Release|Win32
	EndGlobalSection
	GlobalSection(SolutionProperties) = preSolution
		HideSolutionNode = FALSE
	EndGlobalSection
	GlobalSection(NestedProjects) = preSolution
		{FBF02AD5-0288-4AB5-8525-F79E3F87F8E5} = {A7092942-D270-45BF-8911-0A5575E2434B}
		{6AA95988-BCF0-4C31-A55E-22AE3D1AB019} = {A7092942-D270-45BF-8911-0A5575E2434B}
		{77F61357-7425-4EAB-B64F-EB53E802A236} = {A7092942-D270-45BF-8911-0A5575E2434B}
		{9CDDF20A-2F33-3257-B893-B349DDC16F30} = {A7092942-D270-45BF-8911-0A5575E2434B}
	EndGlobalSection
	GlobalSection(ExtensibilityGlobals) = postSolution
		SolutionGuid = {8B61E9C2-4C3D-4DC3-9590-4E2904B47B4C}
	EndGlobalSection
EndGlobal
