
Microsoft Visual Studio Solution File, Format Version 12.00
# Visual Studio Version 17
VisualStudioVersion = 17.14.36109.1
MinimumVisualStudioVersion = 10.0.40219.1
Project("{8BC9CEB8-8B4A-11D0-8D11-00A0C91BC942}") = "CoTigraphy", "CoTigraphy\CoTigraphy.vcxproj", "{73C6F89A-91EE-4599-9EA6-5121E14176E2}"
	ProjectSection(ProjectDependencies) = postProject
		{43201E48-7AF3-4CD7-93D2-62706B16081E} = {43201E48-7AF3-4CD7-93D2-62706B16081E}
	EndProjectSection
EndProject
Project("{8BC9CEB8-8B4A-11D0-8D11-00A0C91BC942}") = "CoTigraphyLib", "CoTigraphyLib\CoTigraphyLib.vcxproj", "{43201E48-7AF3-4CD7-93D2-62706B16081E}"
EndProject
Project("{2150E333-8FDC-42A3-9474-1A3956D46DE8}") = "scripts", "scripts", "{02EA681E-C7D8-13C7-8484-4AC65E1B71E8}"
	ProjectSection(SolutionItems) = preProject
		scripts\BuildInfo.bat = scripts\BuildInfo.bat
	EndProjectSection
EndProject
Project("{2150E333-8FDC-42A3-9474-1A3956D46DE8}") = "environments", "environments", "{B80F2C07-EEB2-487B-AAB9-571D60C47D45}"
	ProjectSection(SolutionItems) = preProject
		.editorconfig = .editorconfig
		.gitattributes = .gitattributes
		.gitignore = .gitignore
		build.bat = build.bat
		CoTigraphy.props = CoTigraphy.props
	EndProjectSection
EndProject
Project("{2150E333-8FDC-42A3-9474-1A3956D46DE8}") = "commons", "commons", "{E4C01B0A-F960-48B1-82A0-98EA5837CA29}"
	ProjectSection(SolutionItems) = preProject
		Common\Assert.hpp = Common\Assert.hpp
		Common\LinkLibraries.hpp = Common\LinkLibraries.hpp
		Common\pch-common.hpp = Common\pch-common.hpp
	EndProjectSection
EndProject
Project("{8BC9CEB8-8B4A-11D0-8D11-00A0C91BC942}") = "CoTigraphyUnitTest", "CoTigraphyUnitTest\CoTigraphyUnitTest.vcxproj", "{0A37DDF7-1B06-4F16-A1BE-6824ADE556B0}"
	ProjectSection(ProjectDependencies) = postProject
		{43201E48-7AF3-4CD7-93D2-62706B16081E} = {43201E48-7AF3-4CD7-93D2-62706B16081E}
	EndProjectSection
EndProject
Global
	GlobalSection(SolutionConfigurationPlatforms) = preSolution
		Debug|ARM64 = Debug|ARM64
		Debug|x64 = Debug|x64
		Debug|x86 = Debug|x86
		Release|ARM64 = Release|ARM64
		Release|x64 = Release|x64
		Release|x86 = Release|x86
	EndGlobalSection
	GlobalSection(ProjectConfigurationPlatforms) = postSolution
		{73C6F89A-91EE-4599-9EA6-5121E14176E2}.Debug|ARM64.ActiveCfg = Debug|ARM64
		{73C6F89A-91EE-4599-9EA6-5121E14176E2}.Debug|ARM64.Build.0 = Debug|ARM64
		{73C6F89A-91EE-4599-9EA6-5121E14176E2}.Debug|x64.ActiveCfg = Debug|x64
		{73C6F89A-91EE-4599-9EA6-5121E14176E2}.Debug|x64.Build.0 = Debug|x64
		{73C6F89A-91EE-4599-9EA6-5121E14176E2}.Debug|x86.ActiveCfg = Debug|Win32
		{73C6F89A-91EE-4599-9EA6-5121E14176E2}.Debug|x86.Build.0 = Debug|Win32
		{73C6F89A-91EE-4599-9EA6-5121E14176E2}.Release|ARM64.ActiveCfg = Release|ARM64
		{73C6F89A-91EE-4599-9EA6-5121E14176E2}.Release|ARM64.Build.0 = Release|ARM64
		{73C6F89A-91EE-4599-9EA6-5121E14176E2}.Release|x64.ActiveCfg = Release|x64
		{73C6F89A-91EE-4599-9EA6-5121E14176E2}.Release|x64.Build.0 = Release|x64
		{73C6F89A-91EE-4599-9EA6-5121E14176E2}.Release|x86.ActiveCfg = Release|Win32
		{73C6F89A-91EE-4599-9EA6-5121E14176E2}.Release|x86.Build.0 = Release|Win32
		{43201E48-7AF3-4CD7-93D2-62706B16081E}.Debug|ARM64.ActiveCfg = Debug|ARM64
		{43201E48-7AF3-4CD7-93D2-62706B16081E}.Debug|ARM64.Build.0 = Debug|ARM64
		{43201E48-7AF3-4CD7-93D2-62706B16081E}.Debug|x64.ActiveCfg = Debug|x64
		{43201E48-7AF3-4CD7-93D2-62706B16081E}.Debug|x64.Build.0 = Debug|x64
		{43201E48-7AF3-4CD7-93D2-62706B16081E}.Debug|x86.ActiveCfg = Debug|Win32
		{43201E48-7AF3-4CD7-93D2-62706B16081E}.Debug|x86.Build.0 = Debug|Win32
		{43201E48-7AF3-4CD7-93D2-62706B16081E}.Release|ARM64.ActiveCfg = Release|ARM64
		{43201E48-7AF3-4CD7-93D2-62706B16081E}.Release|ARM64.Build.0 = Release|ARM64
		{43201E48-7AF3-4CD7-93D2-62706B16081E}.Release|x64.ActiveCfg = Release|x64
		{43201E48-7AF3-4CD7-93D2-62706B16081E}.Release|x64.Build.0 = Release|x64
		{43201E48-7AF3-4CD7-93D2-62706B16081E}.Release|x86.ActiveCfg = Release|Win32
		{43201E48-7AF3-4CD7-93D2-62706B16081E}.Release|x86.Build.0 = Release|Win32
		{0A37DDF7-1B06-4F16-A1BE-6824ADE556B0}.Debug|ARM64.ActiveCfg = Debug|ARM64
		{0A37DDF7-1B06-4F16-A1BE-6824ADE556B0}.Debug|ARM64.Build.0 = Debug|ARM64
		{0A37DDF7-1B06-4F16-A1BE-6824ADE556B0}.Debug|x64.ActiveCfg = Debug|x64
		{0A37DDF7-1B06-4F16-A1BE-6824ADE556B0}.Debug|x64.Build.0 = Debug|x64
		{0A37DDF7-1B06-4F16-A1BE-6824ADE556B0}.Debug|x86.ActiveCfg = Debug|Win32
		{0A37DDF7-1B06-4F16-A1BE-6824ADE556B0}.Debug|x86.Build.0 = Debug|Win32
		{0A37DDF7-1B06-4F16-A1BE-6824ADE556B0}.Release|ARM64.ActiveCfg = Release|ARM64
		{0A37DDF7-1B06-4F16-A1BE-6824ADE556B0}.Release|ARM64.Build.0 = Release|ARM64
		{0A37DDF7-1B06-4F16-A1BE-6824ADE556B0}.Release|x64.ActiveCfg = Release|x64
		{0A37DDF7-1B06-4F16-A1BE-6824ADE556B0}.Release|x64.Build.0 = Release|x64
		{0A37DDF7-1B06-4F16-A1BE-6824ADE556B0}.Release|x86.ActiveCfg = Release|Win32
		{0A37DDF7-1B06-4F16-A1BE-6824ADE556B0}.Release|x86.Build.0 = Release|Win32
	EndGlobalSection
	GlobalSection(SolutionProperties) = preSolution
		HideSolutionNode = FALSE
	EndGlobalSection
	GlobalSection(ExtensibilityGlobals) = postSolution
		SolutionGuid = {8B61E9C2-4C3D-4DC3-9590-4E2904B47B4C}
	EndGlobalSection
EndGlobal
